{
  "adminSiteName": null,
  "appServicePlanName": "myAppServicePlan",
  "geoRegion": "Central US",
  "hostingEnvironmentProfile": null,
  "id": "/subscriptions/0000-0000/resourceGroups/myResourceGroup/providers/Microsoft.Web/serverfarms/myAppServicePlan",
  "kind": "app",
  "location": "Central US",
  "maximumNumberOfWorkers": 1,
  "name": "myAppServicePlan",
  "targetWorkerSizeId": 0,
  "type": "Microsoft.Web/serverfarms",
  "workerTierName": null

  "availabilityState": "Normal",
  "clientAffinityEnabled": true,
  "clientCertEnabled": false,
  "cloningInfo": null,
  "containerSize": 0,
  "dailyMemoryTimeQuota": 0,
  "defaultHostName": "https://andamento.azurewebsites.net",
  "enabled": true,

  "requires": true,
  "lockfileVersion": 1,
  "dependencies": {
    "yarn": {
      "version": "1.5.1",
      "resolved": "https://registry.npmjs.org/yarn/-/yarn-1.5.1.tgz",
      "integrity": "sha1-6GgDYOgyrIlSHrgNrTp7wnpAurQ="
    }
  }

}
